
Microsoft Visual Studio Solution File, Format Version 12.00
Project("{FAE04EC0-301F-11D3-BF4B-00C04F79EFBC}") = "Volga-IT", "Volga-IT\Volga-IT.csproj", "{FBA2B3EC-5568-4306-A4EC-FD5618D9939F}"
EndProject
Project("{FAE04EC0-301F-11D3-BF4B-00C04F79EFBC}") = "Volga-IT-Console", "Volga-IT-Console\Volga-IT-Console.csproj", "{52795BE8-2AA2-4F21-9A8F-CC8095B3FC55}"
EndProject
Project("{FAE04EC0-301F-11D3-BF4B-00C04F79EFBC}") = "Volga-IT-Asp", "Volga-IT-Asp\Volga-IT-Asp.csproj", "{49A3879D-47C9-432C-94E7-6CF171592063}"
EndProject
Project("{FAE04EC0-301F-11D3-BF4B-00C04F79EFBC}") = "Volga-IT-HtmlAgilityPack", "Volga-IT-HtmlAgilityPack\Volga-IT-HtmlAgilityPack.csproj", "{FEAF31D2-7A4D-440F-94E5-D4B5937B28DB}"
EndProject
Project("{FAE04EC0-301F-11D3-BF4B-00C04F79EFBC}") = "Volga-IT-Database", "Volga-IT-Database\Volga-IT-Database.csproj", "{5B4736F7-06DA-4BE3-8A18-9DB6AC991977}"
EndProject
Project("{2150E333-8FDC-42A3-9474-1A3956D46DE8}") = "Volga-IT", "Volga-IT", "{B1A1091C-8CCB-4997-969D-46BBAD70F6F5}"
EndProject
Project("{2150E333-8FDC-42A3-9474-1A3956D46DE8}") = "Volga-IT-Tests", "Volga-IT-Tests", "{96664028-D772-4DE6-AE7F-75C862FA7E86}"
EndProject
Project("{FAE04EC0-301F-11D3-BF4B-00C04F79EFBC}") = "Volga-IT-Tests", "Volga-IT-Tests\Volga-IT-Tests.csproj", "{BF1A5FCF-573B-4793-ACFB-5139C398BCDE}"
EndProject
Global
	GlobalSection(SolutionConfigurationPlatforms) = preSolution
		Debug|Any CPU = Debug|Any CPU
		Release|Any CPU = Release|Any CPU
	EndGlobalSection
	GlobalSection(ProjectConfigurationPlatforms) = postSolution
		{FBA2B3EC-5568-4306-A4EC-FD5618D9939F}.Debug|Any CPU.ActiveCfg = Debug|Any CPU
		{FBA2B3EC-5568-4306-A4EC-FD5618D9939F}.Debug|Any CPU.Build.0 = Debug|Any CPU
		{FBA2B3EC-5568-4306-A4EC-FD5618D9939F}.Release|Any CPU.ActiveCfg = Release|Any CPU
		{FBA2B3EC-5568-4306-A4EC-FD5618D9939F}.Release|Any CPU.Build.0 = Release|Any CPU
		{52795BE8-2AA2-4F21-9A8F-CC8095B3FC55}.Debug|Any CPU.ActiveCfg = Debug|Any CPU
		{52795BE8-2AA2-4F21-9A8F-CC8095B3FC55}.Debug|Any CPU.Build.0 = Debug|Any CPU
		{52795BE8-2AA2-4F21-9A8F-CC8095B3FC55}.Release|Any CPU.ActiveCfg = Release|Any CPU
		{52795BE8-2AA2-4F21-9A8F-CC8095B3FC55}.Release|Any CPU.Build.0 = Release|Any CPU
		{49A3879D-47C9-432C-94E7-6CF171592063}.Debug|Any CPU.ActiveCfg = Debug|Any CPU
		{49A3879D-47C9-432C-94E7-6CF171592063}.Debug|Any CPU.Build.0 = Debug|Any CPU
		{49A3879D-47C9-432C-94E7-6CF171592063}.Release|Any CPU.ActiveCfg = Release|Any CPU
		{49A3879D-47C9-432C-94E7-6CF171592063}.Release|Any CPU.Build.0 = Release|Any CPU
		{FEAF31D2-7A4D-440F-94E5-D4B5937B28DB}.Debug|Any CPU.ActiveCfg = Debug|Any CPU
		{FEAF31D2-7A4D-440F-94E5-D4B5937B28DB}.Debug|Any CPU.Build.0 = Debug|Any CPU
		{FEAF31D2-7A4D-440F-94E5-D4B5937B28DB}.Release|Any CPU.ActiveCfg = Release|Any CPU
		{FEAF31D2-7A4D-440F-94E5-D4B5937B28DB}.Release|Any CPU.Build.0 = Release|Any CPU
		{5B4736F7-06DA-4BE3-8A18-9DB6AC991977}.Debug|Any CPU.ActiveCfg = Debug|Any CPU
		{5B4736F7-06DA-4BE3-8A18-9DB6AC991977}.Debug|Any CPU.Build.0 = Debug|Any CPU
		{5B4736F7-06DA-4BE3-8A18-9DB6AC991977}.Release|Any CPU.ActiveCfg = Release|Any CPU
		{5B4736F7-06DA-4BE3-8A18-9DB6AC991977}.Release|Any CPU.Build.0 = Release|Any CPU
		{BF1A5FCF-573B-4793-ACFB-5139C398BCDE}.Debug|Any CPU.ActiveCfg = Debug|Any CPU
		{BF1A5FCF-573B-4793-ACFB-5139C398BCDE}.Debug|Any CPU.Build.0 = Debug|Any CPU
		{BF1A5FCF-573B-4793-ACFB-5139C398BCDE}.Release|Any CPU.ActiveCfg = Release|Any CPU
		{BF1A5FCF-573B-4793-ACFB-5139C398BCDE}.Release|Any CPU.Build.0 = Release|Any CPU
	EndGlobalSection
	GlobalSection(NestedProjects) = preSolution
		{FBA2B3EC-5568-4306-A4EC-FD5618D9939F} = {B1A1091C-8CCB-4997-969D-46BBAD70F6F5}
		{49A3879D-47C9-432C-94E7-6CF171592063} = {B1A1091C-8CCB-4997-969D-46BBAD70F6F5}
		{52795BE8-2AA2-4F21-9A8F-CC8095B3FC55} = {B1A1091C-8CCB-4997-969D-46BBAD70F6F5}
		{5B4736F7-06DA-4BE3-8A18-9DB6AC991977} = {B1A1091C-8CCB-4997-969D-46BBAD70F6F5}
		{FEAF31D2-7A4D-440F-94E5-D4B5937B28DB} = {B1A1091C-8CCB-4997-969D-46BBAD70F6F5}
		{BF1A5FCF-573B-4793-ACFB-5139C398BCDE} = {96664028-D772-4DE6-AE7F-75C862FA7E86}
	EndGlobalSection
EndGlobal
